
Microsoft Visual Studio Solution File, Format Version 12.00
Project("{FAE04EC0-301F-11D3-BF4B-00C04F79EFBC}") = "My_CourseManager", "My_CourseManager\My_CourseManager.csproj", "{BBBFC5D2-BA68-4790-9A9C-B14E609C2C4F}"
EndProject
Global
	GlobalSection(SolutionConfigurationPlatforms) = preSolution
		Debug|Any CPU = Debug|Any CPU
		Release|Any CPU = Release|Any CPU
	EndGlobalSection
	GlobalSection(ProjectConfigurationPlatforms) = postSolution
		{BBBFC5D2-BA68-4790-9A9C-B14E609C2C4F}.Debug|Any CPU.ActiveCfg = Debug|Any CPU
		{BBBFC5D2-BA68-4790-9A9C-B14E609C2C4F}.Debug|Any CPU.Build.0 = Debug|Any CPU
		{BBBFC5D2-BA68-4790-9A9C-B14E609C2C4F}.Release|Any CPU.ActiveCfg = Release|Any CPU
		{BBBFC5D2-BA68-4790-9A9C-B14E609C2C4F}.Release|Any CPU.Build.0 = Release|Any CPU
	EndGlobalSection
EndGlobal
